{
  "name": "image_scanner_xp",
  "version": "1.0.0",
  "lockfileVersion": 1,
  "requires": true,
  "dependencies": {
    "window_file_class": {
      "version": "1.0.16",
      "resolved": "https://registry.npmjs.org/window_file_class/-/window_file_class-1.0.16.tgz",
      "integrity": "sha512-kVtkB6vhG50D46QQ5YrUhIBbd6GhlwMQfCskoa6aNNoPoo4SLTMfJ94t2Vh/1hSHD2f0pcr2/iXu5D4lAoTlEw=="
    }
  }
}
